
Microsoft Visual Studio Solution File, Format Version 12.00
# Visual Studio Version 16
VisualStudioVersion = 16.0.30413.136
MinimumVisualStudioVersion = 10.0.40219.1
Project("{9A19103F-16F7-4668-BE54-9A1E7A4F7556}") = "CloudNinjaBot", "CloudNinja\CloudNinjaBot.csproj", "{561EEA42-2716-4A9B-B9B3-6AB9FC32EB60}"
EndProject
Project("{FAE04EC0-301F-11D3-BF4B-00C04F79EFBC}") = "CloudNinjaFunctions", "CloudNinjaFunctions\CloudNinjaFunctions.csproj", "{0A978A98-F31F-492E-B4DE-0AD9A7F28674}"
EndProject
Global
	GlobalSection(SolutionConfigurationPlatforms) = preSolution
		Debug|Any CPU = Debug|Any CPU
		Release|Any CPU = Release|Any CPU
	EndGlobalSection
	GlobalSection(ProjectConfigurationPlatforms) = postSolution
		{561EEA42-2716-4A9B-B9B3-6AB9FC32EB60}.Debug|Any CPU.ActiveCfg = Debug|Any CPU
		{561EEA42-2716-4A9B-B9B3-6AB9FC32EB60}.Debug|Any CPU.Build.0 = Debug|Any CPU
		{561EEA42-2716-4A9B-B9B3-6AB9FC32EB60}.Release|Any CPU.ActiveCfg = Release|Any CPU
		{561EEA42-2716-4A9B-B9B3-6AB9FC32EB60}.Release|Any CPU.Build.0 = Release|Any CPU
		{0A978A98-F31F-492E-B4DE-0AD9A7F28674}.Debug|Any CPU.ActiveCfg = Debug|Any CPU
		{0A978A98-F31F-492E-B4DE-0AD9A7F28674}.Debug|Any CPU.Build.0 = Debug|Any CPU
		{0A978A98-F31F-492E-B4DE-0AD9A7F28674}.Release|Any CPU.ActiveCfg = Release|Any CPU
		{0A978A98-F31F-492E-B4DE-0AD9A7F28674}.Release|Any CPU.Build.0 = Release|Any CPU
	EndGlobalSection
	GlobalSection(SolutionProperties) = preSolution
		HideSolutionNode = FALSE
	EndGlobalSection
	GlobalSection(ExtensibilityGlobals) = postSolution
		SolutionGuid = {C98509FB-35EF-4942-8903-0486F243912B}
	EndGlobalSection
EndGlobal
